
Microsoft Visual Studio Solution File, Format Version 12.00
# Visual Studio Version 16
VisualStudioVersion = 16.0.30114.105
MinimumVisualStudioVersion = 10.0.40219.1
Project("{FAE04EC0-301F-11D3-BF4B-00C04F79EFBC}") = "TexasRangers.Android", "TexasRangers\TexasRangers.Android\TexasRangers.Android.csproj", "{B5CA2A73-DDDE-448F-AD8A-6FA3C11B95D5}"
EndProject
Project("{FAE04EC0-301F-11D3-BF4B-00C04F79EFBC}") = "TexasRangers", "TexasRangers\TexasRangers\TexasRangers.csproj", "{D6F11102-2DD9-4AC9-89F6-11640732189C}"
EndProject
Global
	GlobalSection(SolutionConfigurationPlatforms) = preSolution
		Debug|Any CPU = Debug|Any CPU
		Release|Any CPU = Release|Any CPU
	EndGlobalSection
	GlobalSection(ProjectConfigurationPlatforms) = postSolution
		{B5CA2A73-DDDE-448F-AD8A-6FA3C11B95D5}.Debug|Any CPU.ActiveCfg = Debug|Any CPU
		{B5CA2A73-DDDE-448F-AD8A-6FA3C11B95D5}.Debug|Any CPU.Build.0 = Debug|Any CPU
		{B5CA2A73-DDDE-448F-AD8A-6FA3C11B95D5}.Debug|Any CPU.Deploy.0 = Debug|Any CPU
		{B5CA2A73-DDDE-448F-AD8A-6FA3C11B95D5}.Release|Any CPU.ActiveCfg = Release|Any CPU
		{B5CA2A73-DDDE-448F-AD8A-6FA3C11B95D5}.Release|Any CPU.Build.0 = Release|Any CPU
		{B5CA2A73-DDDE-448F-AD8A-6FA3C11B95D5}.Release|Any CPU.Deploy.0 = Release|Any CPU
		{D6F11102-2DD9-4AC9-89F6-11640732189C}.Debug|Any CPU.ActiveCfg = Debug|Any CPU
		{D6F11102-2DD9-4AC9-89F6-11640732189C}.Debug|Any CPU.Build.0 = Debug|Any CPU
		{D6F11102-2DD9-4AC9-89F6-11640732189C}.Debug|Any CPU.Deploy.0 = Debug|Any CPU
		{D6F11102-2DD9-4AC9-89F6-11640732189C}.Release|Any CPU.ActiveCfg = Release|Any CPU
		{D6F11102-2DD9-4AC9-89F6-11640732189C}.Release|Any CPU.Build.0 = Release|Any CPU
		{D6F11102-2DD9-4AC9-89F6-11640732189C}.Release|Any CPU.Deploy.0 = Release|Any CPU
	EndGlobalSection
	GlobalSection(SolutionProperties) = preSolution
		HideSolutionNode = FALSE
	EndGlobalSection
	GlobalSection(ExtensibilityGlobals) = postSolution
		SolutionGuid = {F4921897-A844-476B-9B34-C0A0527DC494}
	EndGlobalSection
EndGlobal
